
Microsoft Visual Studio Solution File, Format Version 12.00
# Visual Studio 15
VisualStudioVersion = 15.0.28307.1145
MinimumVisualStudioVersion = 10.0.40219.1
Project("{FAE04EC0-301F-11D3-BF4B-00C04F79EFBC}") = "testingignores", "testingignores\testingignores.csproj", "{8AFBC94D-05F1-45A7-9AD8-64A4749CE3FD}"
EndProject
Global
	GlobalSection(SolutionConfigurationPlatforms) = preSolution
		Debug|Any CPU = Debug|Any CPU
		Release|Any CPU = Release|Any CPU
	EndGlobalSection
	GlobalSection(ProjectConfigurationPlatforms) = postSolution
		{8AFBC94D-05F1-45A7-9AD8-64A4749CE3FD}.Debug|Any CPU.ActiveCfg = Debug|Any CPU
		{8AFBC94D-05F1-45A7-9AD8-64A4749CE3FD}.Debug|Any CPU.Build.0 = Debug|Any CPU
		{8AFBC94D-05F1-45A7-9AD8-64A4749CE3FD}.Release|Any CPU.ActiveCfg = Release|Any CPU
		{8AFBC94D-05F1-45A7-9AD8-64A4749CE3FD}.Release|Any CPU.Build.0 = Release|Any CPU
	EndGlobalSection
	GlobalSection(SolutionProperties) = preSolution
		HideSolutionNode = FALSE
	EndGlobalSection
	GlobalSection(ExtensibilityGlobals) = postSolution
		SolutionGuid = {11C0D5C5-791F-4BE5-9B17-B8624DD3E28D}
	EndGlobalSection
EndGlobal
